// !$*UTF8*$!
{
	archiveVersion = 1;
	classes = {
	};
	objectVersion = 56;
	objects = {

/* Begin PBXBuildFile section */
		A100001 /* AIChatAppApp.swift in Sources */ = {isa = PBXBuildFile; fileRef = A100000 /* AIChatAppApp.swift */; };
		A100004 /* ContentView.swift in Sources */ = {isa = PBXBuildFile; fileRef = A100003 /* ContentView.swift */; };
		A100007 /* Assets.xcassets in Resources */ = {isa = PBXBuildFile; fileRef = A100006 /* Assets.xcassets */; };
		A10000A /* Preview Assets.xcassets in Resources */ = {isa = PBXBuildFile; fileRef = A100009 /* Preview Assets.xcassets */; };
		A100014 /* APIService.swift in Sources */ = {isa = PBXBuildFile; fileRef = A100013 /* APIService.swift */; };
		A100017 /* Models.swift in Sources */ = {isa = PBXBuildFile; fileRef = A100016 /* Models.swift */; };
		A10001A /* SettingsView.swift in Sources */ = {isa = PBXBuildFile; fileRef = A100019 /* SettingsView.swift */; };
		A10001D /* AgentManager.swift in Sources */ = {isa = PBXBuildFile; fileRef = A10001C /* AgentManager.swift */; };
		A100020 /* MemoryManager.swift in Sources */ = {isa = PBXBuildFile; fileRef = A10001F /* MemoryManager.swift */; };
		A100023 /* WebSearchService.swift in Sources */ = {isa = PBXBuildFile; fileRef = A100022 /* WebSearchService.swift */; };
		A100026 /* ChatViewModel.swift in Sources */ = {isa = PBXBuildFile; fileRef = A100025 /* ChatViewModel.swift */; };
		A100029 /* AgentProfileView.swift in Sources */ = {isa = PBXBuildFile; fileRef = A100028 /* AgentProfileView.swift */; };
		A10002C /* MessageBubbleView.swift in Sources */ = {isa = PBXBuildFile; fileRef = A10002B /* MessageBubbleView.swift */; };
		A10002F /* MessageInputView.swift in Sources */ = {isa = PBXBuildFile; fileRef = A10002E /* MessageInputView.swift */; };
		A100032 /* APIService+OpenAI.swift in Sources */ = {isa = PBXBuildFile; fileRef = A100031 /* APIService+OpenAI.swift */; };
		A100035 /* APIService+OpenRouter.swift in Sources */ = {isa = PBXBuildFile; fileRef = A100034 /* APIService+OpenRouter.swift */; };
		A100038 /* APIService+Factory.swift in Sources */ = {isa = PBXBuildFile; fileRef = A100037 /* APIService+Factory.swift */; };
		A10003B /* Constants.swift in Sources */ = {isa = PBXBuildFile; fileRef = A10003A /* Constants.swift */; };
/* End PBXBuildFile section */

/* Begin PBXFileReference section */
		A10000F /* AIChatApp.app */ = {isa = PBXFileReference; explicitFileType = wrapper.application; includeInIndex = 0; path = AIChatApp.app; sourceTree = BUILT_PRODUCTS_DIR; };
		A100000 /* AIChatAppApp.swift */ = {isa = PBXFileReference; lastKnownFileType = sourcecode.swift; path = AIChatAppApp.swift; sourceTree = "<group>"; };
		A100003 /* ContentView.swift */ = {isa = PBXFileReference; lastKnownFileType = sourcecode.swift; path = ContentView.swift; sourceTree = "<group>"; };
		A100006 /* Assets.xcassets */ = {isa = PBXFileReference; lastKnownFileType = folder.assetcatalog; path = Assets.xcassets; sourceTree = "<group>"; };
		A100009 /* Preview Assets.xcassets */ = {isa = PBXFileReference; lastKnownFileType = folder.assetcatalog; path = "Preview Assets.xcassets"; sourceTree = "<group>"; };
		A100013 /* APIService.swift */ = {isa = PBXFileReference; lastKnownFileType = sourcecode.swift; path = APIService.swift; sourceTree = "<group>"; };
		A100016 /* Models.swift */ = {isa = PBXFileReference; lastKnownFileType = sourcecode.swift; path = Models.swift; sourceTree = "<group>"; };
		A100019 /* SettingsView.swift */ = {isa = PBXFileReference; lastKnownFileType = sourcecode.swift; path = SettingsView.swift; sourceTree = "<group>"; };
		A10001C /* AgentManager.swift */ = {isa = PBXFileReference; lastKnownFileType = sourcecode.swift; path = AgentManager.swift; sourceTree = "<group>"; };
		A10001F /* MemoryManager.swift */ = {isa = PBXFileReference; lastKnownFileType = sourcecode.swift; path = MemoryManager.swift; sourceTree = "<group>"; };
		A100022 /* WebSearchService.swift */ = {isa = PBXFileReference; lastKnownFileType = sourcecode.swift; path = WebSearchService.swift; sourceTree = "<group>"; };
		A100025 /* ChatViewModel.swift */ = {isa = PBXFileReference; lastKnownFileType = sourcecode.swift; path = ChatViewModel.swift; sourceTree = "<group>"; };
		A100028 /* AgentProfileView.swift */ = {isa = PBXFileReference; lastKnownFileType = sourcecode.swift; path = AgentProfileView.swift; sourceTree = "<group>"; };
		A10002B /* MessageBubbleView.swift */ = {isa = PBXFileReference; lastKnownFileType = sourcecode.swift; path = MessageBubbleView.swift; sourceTree = "<group>"; };
		A10002E /* MessageInputView.swift */ = {isa = PBXFileReference; lastKnownFileType = sourcecode.swift; path = MessageInputView.swift; sourceTree = "<group>"; };
		A100031 /* APIService+OpenAI.swift */ = {isa = PBXFileReference; lastKnownFileType = sourcecode.swift; path = "APIService+OpenAI.swift"; sourceTree = "<group>"; };
		A100034 /* APIService+OpenRouter.swift */ = {isa = PBXFileReference; lastKnownFileType = sourcecode.swift; path = "APIService+OpenRouter.swift"; sourceTree = "<group>"; };
		A100037 /* APIService+Factory.swift */ = {isa = PBXFileReference; lastKnownFileType = sourcecode.swift; path = "APIService+Factory.swift"; sourceTree = "<group>"; };
		A10003A /* Constants.swift */ = {isa = PBXFileReference; lastKnownFileType = sourcecode.swift; path = Constants.swift; sourceTree = "<group>"; };
/* End PBXFileReference section */

/* Begin PBXFrameworksBuildPhase section */
		A10000C /* Frameworks */ = {
			isa = PBXFrameworksBuildPhase;
			buildActionMask = 2147483647;
			files = (
			);
			runOnlyForDeploymentPostprocessing = 0;
		};
/* End PBXFrameworksBuildPhase section */

/* Begin PBXGroup section */
		A10000E = {
			isa = PBXGroup;
			children = (
				A10000F /* AIChatApp.app */,
				A100012 /* Products */,
			);
			name = AIChatApp;
			sourceTree = "<group>";
		};
		A100012 /* Products */ = {
			isa = PBXGroup;
			children = (
				A10000F /* AIChatApp.app */,
			);
			name = Products;
			sourceTree = "<group>";
		};
		A100040 /* AIChatApp */ = {
			isa = PBXGroup;
			children = (
				A100000 /* AIChatAppApp.swift */,
				A100003 /* ContentView.swift */,
				A100006 /* Assets.xcassets */,
				A100009 /* Preview Assets.xcassets */,
				A10003D /* Views */,
				A10003E /* ViewModels */,
				A10003F /* Services */,
				A100040 /* Models */,
				A100041 /* Utils */,
			);
			path = AIChatApp;
			sourceTree = "<group>";
		};
		A10003D /* Views */ = {
			isa = PBXGroup;
			children = (
				A100019 /* SettingsView.swift */,
				A100028 /* AgentProfileView.swift */,
				A10002B /* MessageBubbleView.swift */,
				A10002E /* MessageInputView.swift */,
			);
			path = Views;
			sourceTree = "<group>";
		};
		A10003E /* ViewModels */ = {
			isa = PBXGroup;
			children = (
				A100025 /* ChatViewModel.swift */,
			);
			path = ViewModels;
			sourceTree = "<group>";
		};
		A10003F /* Services */ = {
			isa = PBXGroup;
			children = (
				A100013 /* APIService.swift */,
				A100031 /* APIService+OpenAI.swift */,
				A100034 /* APIService+OpenRouter.swift */,
				A100037 /* APIService+Factory.swift */,
				A100022 /* WebSearchService.swift */,
				A10001C /* AgentManager.swift */,
				A10001F /* MemoryManager.swift */,
			);
			path = Services;
			sourceTree = "<group>";
		};
		A100040 /* Models */ = {
			isa = PBXGroup;
			children = (
				A100016 /* Models.swift */,
			);
			path = Models;
			sourceTree = "<group>";
		};
		A100041 /* Utils */ = {
			isa = PBXGroup;
			children = (
				A10003A /* Constants.swift */,
			);
			path = Utils;
			sourceTree = "<group>";
		};
/* End PBXGroup section */

/* Begin PBXNativeTarget section */
		A10000E /* AIChatApp */ = {
			isa = PBXNativeTarget;
			buildConfigurationList = A100039 /* Build configuration list for PBXNativeTarget "AIChatApp" */;
			buildPhases = (
				A10000B /* Sources */,
				A10000C /* Frameworks */,
				A10000D /* Resources */,
			);
			buildRules = (
			);
			dependencies = (
			);
			name = AIChatApp;
			productName = AIChatApp;
			productReference = A10000F /* AIChatApp.app */;
			productType = "com.apple.product-type.application";
		};
/* End PBXNativeTarget section */

/* Begin PBXProject section */
		A10000D /* Project object */ = {
			isa = PBXProject;
			attributes = {
				BuildIndependentTargetsInParallel = 1;
				LastSwiftUpdateCheck = 1500;
				LastUpgradeCheck = 1500;
				TargetAttributes = {
					A10000E = {
						CreatedOnToolsVersion = 15.0;
					};
				};
			};
			buildConfigurationList = A100010 /* Build configuration list for PBXProject "AIChatApp" */;
			compatibilityVersion = "Xcode 14.0";
			developmentRegion = en;
			hasScannedForEncodings = 0;
			knownRegions = (
				en,
				Base,
			);
			mainGroup = A10000E;
			productRefGroup = A100012 /* Products */;
			projectDirPath = "";
			projectRoot = "";
			targets = (
				A10000E /* AIChatApp */,
			);
		};
/* End PBXProject section */

/* Begin PBXResourcesBuildPhase section */
		A10000D /* Resources */ = {
			isa = PBXResourcesBuildPhase;
			buildActionMask = 2147483647;
			files = (
				A100007 /* Assets.xcassets in Resources */,
				A10000A /* Preview Assets.xcassets in Resources */,
			);
			runOnlyForDeploymentPostprocessing = 0;
		};
/* End PBXResourcesBuildPhase section */

/* Begin PBXSourcesBuildPhase section */
		A10000B /* Sources */ = {
			isa = PBXSourcesBuildPhase;
			buildActionMask = 2147483647;
			files = (
				A100001 /* AIChatAppApp.swift in Sources */,
				A100004 /* ContentView.swift in Sources */,
				A100014 /* APIService.swift in Sources */,
				A100017 /* Models.swift in Sources */,
				A10001A /* SettingsView.swift in Sources */,
				A10001D /* AgentManager.swift in Sources */,
				A100020 /* MemoryManager.swift in Sources */,
				A100023 /* WebSearchService.swift in Sources */,
				A100026 /* ChatViewModel.swift in Sources */,
				A100029 /* AgentProfileView.swift in Sources */,
				A10002C /* MessageBubbleView.swift in Sources */,
				A10002F /* MessageInputView.swift in Sources */,
				A100032 /* APIService+OpenAI.swift in Sources */,
				A100035 /* APIService+OpenRouter.swift in Sources */,
				A100038 /* APIService+Factory.swift in Sources */,
				A10003B /* Constants.swift in Sources */,
			);
			runOnlyForDeploymentPostprocessing = 0;
		};
/* End PBXSourcesBuildPhase section */

/* Begin XCBuildConfiguration section */
		A100036 /* Debug */ = {
			isa = XCBuildConfiguration;
			buildSettings = {
				ALWAYS_SEARCH_USER_PATHS = NO;
				ASSETCATALOG_COMPILER_GENERATE_SWIFT_ASSET_SYMBOL_EXTENSIONS = YES;
				CLANG_ANALYZER_NONNULL = YES;
				CLANG_ANALYZER_NUMBER_OBJECT_CONVERSION = YES_AGGRESSIVE;
				CLANG_CXX_LANGUAGE_STANDARD = "gnu++20";
				CLANG_ENABLE_MODULES = YES;
				CLANG_ENABLE_OBJC_ARC = YES;
				CLANG_ENABLE_OBJC_WEAK = YES;
				CLANG_WARN_BLOCK_CAPTURE_AUTORELEASING = YES;
				CLANG_WARN_BOOL_CONVERSION = YES;
				CLANG_WARN_COMMA = YES;
				CLANG_WARN_CONSTANT_CONVERSION = YES;
				CLANG_WARN_DEPRECATED_OBJC_IMPLEMENTATIONS = YES;
				CLANG_WARN_DIRECT_OBJC_ISA_USAGE = YES_ERROR;
				CLANG_WARN_DOCUMENTATION_COMMENTS = YES;
				CLANG_WARN_EMPTY_BODY = YES;
				CLANG_WARN_ENUM_CONVERSION = YES;
				CLANG_WARN_INFINITE_RECURSION = YES;
				CLANG_WARN_INT_CONVERSION = YES;
				CLANG_WARN_NON_LITERAL_NULL_CONVERSION = YES;
				CLANG_WARN_OBJC_IMPLICIT_RETAIN_SELF = YES;
				CLANG_WARN_OBJC_LITERAL_CONVERSION = YES;
				CLANG_WARN_OBJC_ROOT_CLASS = YES_ERROR;
				CLANG_WARN_QUOTED_INCLUDE_IN_FRAMEWORK_HEADER = YES;
				CLANG_WARN_RANGE_LOOP_ANALYSIS = YES;
				CLANG_WARN_STRICT_PROTOTYPES = YES;
				CLANG_WARN_SUSPICIOUS_MOVE = YES;
				CLANG_WARN_UNGUARDED_AVAILABILITY = YES_AGGRESSIVE;
				CLANG_WARN_UNREACHABLE_CODE = YES;
				CLANG_WARN__DUPLICATE_METHOD_MATCH = YES;
				COPY_PHASE_STRIP = NO;
				DEBUG_INFORMATION_FORMAT = dwarf;
				ENABLE_STRICT_OBJC_MSGSEND = YES;
				ENABLE_TESTABILITY = YES;
				ENABLE_USER_SCRIPT_SANDBOXING = YES;
				GCC_C_LANGUAGE_STANDARD = gnu17;
				GCC_DYNAMIC_NO_PIC = NO;
				GCC_NO_COMMON_BLOCKS = YES;
				GCC_OPTIMIZATION_LEVEL = 0;
				GCC_PREPROCESSOR_DEFINITIONS = (
					"DEBUG=1",
					"$(inherited)",
				);
				GCC_WARN_64_TO_32_BIT_CONVERSION = YES;
				GCC_WARN_ABOUT_RETURN_TYPE = YES_ERROR;
				GCC_WARN_UNDECLARED_SELECTOR = YES;
				GCC_WARN_UNINITIALIZED_AUTOS = YES_AGGRESSIVE;
				GCC_WARN_UNUSED_FUNCTION = YES;
				GCC_WARN_UNUSED_VARIABLE = YES;
				IPHONEOS_DEPLOYMENT_TARGET = 15.0;
				LOCALIZATION_PREFERS_STRING_CATALOGS = YES;
				MTL_ENABLE_DEBUG_INFO = INCLUDE_SOURCE;
				MTL_FAST_MATH = YES;
				ONLY_ACTIVE_ARCH = YES;
				SDKROOT = iphoneos;
				SWIFT_ACTIVE_COMPILATION_CONDITIONS = "DEBUG $(inherited)";
				SWIFT_OPTIMIZATION_LEVEL = "-Onone";
			};
			name = Debug;
		};
		A100037 /* Release */ = {
			isa = XCBuildConfiguration;
			buildSettings = {
				ALWAYS_SEARCH_USER_PATHS = NO;
				ASSETCATALOG_COMPILER_GENERATE_SWIFT_ASSET_SYMBOL_EXTENSIONS = YES;
				CLANG_ANALYZER_NONNULL = YES;
				CLANG_ANALYZER_NUMBER_OBJECT_CONVERSION = YES_AGGRESSIVE;
				CLANG_CXX_LANGUAGE_STANDARD = "gnu++20";
				CLANG_ENABLE_MODULES = YES;
				CLANG_ENABLE_OBJC_ARC = YES;
				CLANG_ENABLE_OBJC_WEAK = YES;
				CLANG_WARN_BLOCK_CAPTURE_AUTORELEASING = YES;
				CLANG_WARN_BOOL_CONVERSION = YES;
				CLANG_WARN_COMMA = YES;
				CLANG_WARN_CONSTANT_CONVERSION = YES;
				CLANG_WARN_DEPRECATED_OBJC_IMPLEMENTATIONS = YES;
				CLANG_WARN_DIRECT_OBJC_ISA_USAGE = YES_ERROR;
				CLANG_WARN_DOCUMENTATION_COMMENTS = YES;
				CLANG_WARN_EMPTY_BODY = YES;
				CLANG_WARN_ENUM_CONVERSION = YES;
				CLANG_WARN_INFINITE_RECURSION = YES;
				CLANG_WARN_INT_CONVERSION = YES;
				CLANG_WARN_NON_LITERAL_NULL_CONVERSION = YES;
				CLANG_WARN_OBJC_IMPLICIT_RETAIN_SELF = YES;
				CLANG_WARN_OBJC_LITERAL_CONVERSION = YES;
				CLANG_WARN_OBJC_ROOT_CLASS = YES_ERROR;
				CLANG_WARN_QUOTED_INCLUDE_IN_FRAMEWORK_HEADER = YES;
				CLANG_WARN_RANGE_LOOP_ANALYSIS = YES;
				CLANG_WARN_STRICT_PROTOTYPES = YES;
				CLANG_WARN_SUSPICIOUS_MOVE = YES;
				CLANG_WARN_UNGUARDED_AVAILABILITY = YES_AGGRESSIVE;
				CLANG_WARN_UNREACHABLE_CODE = YES;
				CLANG_WARN__DUPLICATE_METHOD_MATCH = YES;
				COPY_PHASE_STRIP = NO;
				DEBUG_INFORMATION_FORMAT = "dwarf-with-dsym";
				ENABLE_NS_ASSERTIONS = NO;
				ENABLE_STRICT_OBJC_MSGSEND = YES;
				ENABLE_USER_SCRIPT_SANDBOXING = YES;
				GCC_C_LANGUAGE_STANDARD = gnu17;
				GCC_NO_COMMON_BLOCKS = YES;
				GCC_WARN_64_TO_32_BIT_CONVERSION = YES;
				GCC_WARN_ABOUT_RETURN_TYPE = YES_ERROR;
				GCC_WARN_UNDECLARED_SELECTOR = YES;
				GCC_WARN_UNINITIALIZED_AUTOS = YES_AGGRESSIVE;
				GCC_WARN_UNUSED_FUNCTION = YES;
				GCC_WARN_UNUSED_VARIABLE = YES;
				IPHONEOS_DEPLOYMENT_TARGET = 15.0;
				LOCALIZATION_PREFERS_STRING_CATALOGS = YES;
				MTL_ENABLE_DEBUG_INFO = NO;
				MTL_FAST_MATH = YES;
				SDKROOT = iphoneos;
				SWIFT_COMPILATION_MODE = wholemodule;
				VALIDATE_PRODUCT = YES;
			};
			name = Release;
		};
		A100038 /* Debug */ = {
			isa = XCBuildConfiguration;
			buildSettings = {
				ASSETCATALOG_COMPILER_APPICON_NAME = AppIcon;
				ASSETCATALOG_COMPILER_GLOBAL_ACCENT_COLOR_NAME = AccentColor;
				CODE_SIGN_STYLE = Automatic;
				CURRENT_PROJECT_VERSION = 1;
				DEVELOPMENT_ASSET_PATHS = "\"AIChatApp/Preview Content\"";
				ENABLE_PREVIEWS = YES;
				GENERATE_INFOPLIST_FILE = YES;
				INFOPLIST_KEY_UIApplicationSceneManifest_Generation = YES;
				INFOPLIST_KEY_UIApplicationSupportsIndirectInputEvents = YES;
				INFOPLIST_KEY_UILaunchScreen_Generation = YES;
				INFOPLIST_KEY_UISupportedInterfaceOrientations_iPad = "UIInterfaceOrientationPortrait UIInterfaceOrientationPortraitUpsideDown UIInterfaceOrientationLandscapeLeft UIInterfaceOrientationLandscapeRight";
				INFOPLIST_KEY_UISupportedInterfaceOrientations_iPhone = "UIInterfaceOrientationPortrait UIInterfaceOrientationLandscapeLeft UIInterfaceOrientationLandscapeRight";
				LD_RUNPATH_SEARCH_PATHS = (
					"$(inherited)",
					"@executable_path/Frameworks",
				);
				MARKETING_VERSION = 1.0;
				PRODUCT_BUNDLE_IDENTIFIER = com.example.AIChatApp;
				PRODUCT_NAME = "$(TARGET_NAME)";
				SW_EMIT_LOC_STRINGS = YES;
				TARGETED_DEVICE_FAMILY = "1,2";
			};
			name = Debug;
		};
		A100039 /* Release */ = {
			isa = XCBuildConfiguration;
			buildSettings = {
				ASSETCATALOG_COMPILER_APPICON_NAME = AppIcon;
				ASSETCATALOG_COMPILER_GLOBAL_ACCENT_COLOR_NAME = AccentColor;
				CODE_SIGN_STYLE = Automatic;
				CURRENT_PROJECT_VERSION = 1;
				DEVELOPMENT_ASSET_PATHS = "\"AIChatApp/Preview Content\"";
				ENABLE_PREVIEWS = YES;
				GENERATE_INFOPLIST_FILE = YES;
				INFOPLIST_KEY_UIApplicationSceneManifest_Generation = YES;
				INFOPLIST_KEY_UIApplicationSupportsIndirectInputEvents = YES;
				INFOPLIST_KEY_UILaunchScreen_Generation = YES;
				INFOPLIST_KEY_UISupportedInterfaceOrientations_iPad = "UIInterfaceOrientationPortrait UIInterfaceOrientationPortraitUpsideDown UIInterfaceOrientationLandscapeLeft UIInterfaceOrientationLandscapeRight";
				INFOPLIST_KEY_UISupportedInterfaceOrientations_iPhone = "UIInterfaceOrientationPortrait UIInterfaceOrientationLandscapeLeft UIInterfaceOrientationLandscapeRight";
				LD_RUNPATH_SEARCH_PATHS = (
					"$(inherited)",
					"@executable_path/Frameworks",
				);
				MARKETING_VERSION = 1.0;
				PRODUCT_BUNDLE_IDENTIFIER = com.example.AIChatApp;
				PRODUCT_NAME = "$(TARGET_NAME)";
				SWIFT_EMIT_LOC_STRINGS = YES;
				TARGETED_DEVICE_FAMILY = "1,2";
			};
			name = Release;
		};
/* End XCBuildConfiguration section */

/* Begin XCConfigurationList section */
		A100010 /* Build configuration list for PBXProject "AIChatApp" */ = {
			isa = XCConfigurationList;
			buildConfigurations = (
				A100036 /* Debug */,
				A100037 /* Release */,
			);
			defaultConfigurationIsVisible = 0;
			defaultConfigurationName = Release;
		};
		A100039 /* Build configuration list for PBXNativeTarget "AIChatApp" */ = {
			isa = XCConfigurationList;
			buildConfigurations = (
				A100038 /* Debug */,
				A100039 /* Release */,
			);
			defaultConfigurationIsVisible = 0;
			defaultConfigurationName = Release;
		};
/* End XCConfigurationList section */
	};
	rootObject = A10000D /* Project object */;
}
